
Microsoft Visual Studio Solution File, Format Version 12.00
# Visual Studio Version 17
VisualStudioVersion = 17.0.31903.59
MinimumVisualStudioVersion = 10.0.40219.1
Project("{FAE04EC0-301F-11D3-BF4B-00C04F79EFBC}") = "apiKafkaExemplo.Api", "apiKafkaExemplo.Api\apiKafkaExemplo.Api.csproj", "{3DC03C07-31A3-4494-9DF7-F243116D9EDE}"
EndProject
Project("{FAE04EC0-301F-11D3-BF4B-00C04F79EFBC}") = "apiKafkaExemplo.Infra", "apiKafkaExemplo.Infra\apiKafkaExemplo.Infra.csproj", "{5087CAB7-53EB-44D0-B17A-29494857E558}"
EndProject
Project("{FAE04EC0-301F-11D3-BF4B-00C04F79EFBC}") = "apiKafkaExemplo.Service", "apiKafkaExemplo.Service\apiKafkaExemplo.Service.csproj", "{2540EC5B-1F86-4550-9E14-83BCFABCA413}"
EndProject
Project("{FAE04EC0-301F-11D3-BF4B-00C04F79EFBC}") = "apiKafkaExemplo.Domain", "apiKafkaExemplo.Domain\apiKafkaExemplo.Domain.csproj", "{3C6B813A-F91D-4048-9908-339C3163B80C}"
EndProject
Global
	GlobalSection(SolutionConfigurationPlatforms) = preSolution
		Debug|Any CPU = Debug|Any CPU
		Release|Any CPU = Release|Any CPU
	EndGlobalSection
	GlobalSection(SolutionProperties) = preSolution
		HideSolutionNode = FALSE
	EndGlobalSection
	GlobalSection(ProjectConfigurationPlatforms) = postSolution
		{3DC03C07-31A3-4494-9DF7-F243116D9EDE}.Debug|Any CPU.ActiveCfg = Debug|Any CPU
		{3DC03C07-31A3-4494-9DF7-F243116D9EDE}.Debug|Any CPU.Build.0 = Debug|Any CPU
		{3DC03C07-31A3-4494-9DF7-F243116D9EDE}.Release|Any CPU.ActiveCfg = Release|Any CPU
		{3DC03C07-31A3-4494-9DF7-F243116D9EDE}.Release|Any CPU.Build.0 = Release|Any CPU
		{5087CAB7-53EB-44D0-B17A-29494857E558}.Debug|Any CPU.ActiveCfg = Debug|Any CPU
		{5087CAB7-53EB-44D0-B17A-29494857E558}.Debug|Any CPU.Build.0 = Debug|Any CPU
		{5087CAB7-53EB-44D0-B17A-29494857E558}.Release|Any CPU.ActiveCfg = Release|Any CPU
		{5087CAB7-53EB-44D0-B17A-29494857E558}.Release|Any CPU.Build.0 = Release|Any CPU
		{2540EC5B-1F86-4550-9E14-83BCFABCA413}.Debug|Any CPU.ActiveCfg = Debug|Any CPU
		{2540EC5B-1F86-4550-9E14-83BCFABCA413}.Debug|Any CPU.Build.0 = Debug|Any CPU
		{2540EC5B-1F86-4550-9E14-83BCFABCA413}.Release|Any CPU.ActiveCfg = Release|Any CPU
		{2540EC5B-1F86-4550-9E14-83BCFABCA413}.Release|Any CPU.Build.0 = Release|Any CPU
		{3C6B813A-F91D-4048-9908-339C3163B80C}.Debug|Any CPU.ActiveCfg = Debug|Any CPU
		{3C6B813A-F91D-4048-9908-339C3163B80C}.Debug|Any CPU.Build.0 = Debug|Any CPU
		{3C6B813A-F91D-4048-9908-339C3163B80C}.Release|Any CPU.ActiveCfg = Release|Any CPU
		{3C6B813A-F91D-4048-9908-339C3163B80C}.Release|Any CPU.Build.0 = Release|Any CPU
	EndGlobalSection
EndGlobal
